// !$*UTF8*$!
{
	archiveVersion = 1;
	classes = {
	};
	objectVersion = 56;
	objects = {

/* Begin PBXBuildFile section */
		3F07281B2B67898200489CB0 /* Kingfisher in Frameworks */ = {isa = PBXBuildFile; productRef = 3F07281A2B67898200489CB0 /* Kingfisher */; };
		3F079BFF2B16E4AF0076DA20 /* APIDomainEnum.swift in Sources */ = {isa = PBXBuildFile; fileRef = 3F079BFE2B16E4AE0076DA20 /* APIDomainEnum.swift */; };
		3F079C022B172C820076DA20 /* NVActivityIndicatorView in Frameworks */ = {isa = PBXBuildFile; productRef = 3F079C012B172C820076DA20 /* NVActivityIndicatorView */; };
		3F079C042B172C820076DA20 /* NVActivityIndicatorViewExtended in Frameworks */ = {isa = PBXBuildFile; productRef = 3F079C032B172C820076DA20 /* NVActivityIndicatorViewExtended */; };
		3F288BD22B69F6350080D7FC /* GuideStepGif.bundle in Resources */ = {isa = PBXBuildFile; fileRef = 3F288BD12B69F6350080D7FC /* GuideStepGif.bundle */; };
		3F2B698D2B6393E60037290A /* NewsWidgetIntent.swift in Sources */ = {isa = PBXBuildFile; fileRef = 3F2B698C2B6393E60037290A /* NewsWidgetIntent.swift */; };
		3F2B69912B6394670037290A /* NewsEntry.swift in Sources */ = {isa = PBXBuildFile; fileRef = 3F2B69902B6394670037290A /* NewsEntry.swift */; };
		3F2B69952B6394DB0037290A /* NewsWidgetProvider.swift in Sources */ = {isa = PBXBuildFile; fileRef = 3F2B69942B6394DB0037290A /* NewsWidgetProvider.swift */; };
		3F3522582B1EF7FD00457346 /* SwiftProtobuf in Frameworks */ = {isa = PBXBuildFile; productRef = 3F3522572B1EF7FD00457346 /* SwiftProtobuf */; };
		3F35225A2B1EF7FD00457346 /* SwiftProtobufPluginLibrary in Frameworks */ = {isa = PBXBuildFile; productRef = 3F3522592B1EF7FD00457346 /* SwiftProtobufPluginLibrary */; };
		3F35225C2B1EF7FD00457346 /* protoc-gen-swift in Frameworks */ = {isa = PBXBuildFile; productRef = 3F35225B2B1EF7FD00457346 /* protoc-gen-swift */; };
		3F35225F2B1EF83B00457346 /* ArticlesTotalProtobuf.pb.swift in Sources */ = {isa = PBXBuildFile; fileRef = 3F35225E2B1EF83B00457346 /* ArticlesTotalProtobuf.pb.swift */; };
		3F3E88B82B2019F700883A55 /* RswiftLibrary in Frameworks */ = {isa = PBXBuildFile; productRef = 3F3E88B72B2019F700883A55 /* RswiftLibrary */; };
		3F3E88BA2B2019F700883A55 /* rswift in Frameworks */ = {isa = PBXBuildFile; productRef = 3F3E88B92B2019F700883A55 /* rswift */; };
		3F3E88C12B201C9D00883A55 /* Localizable.strings in Resources */ = {isa = PBXBuildFile; fileRef = 3F3E88C32B201C9D00883A55 /* Localizable.strings */; };
		3F4C519C2BC5124700169160 /* NewsContentImageCell.xib in Resources */ = {isa = PBXBuildFile; fileRef = 3F4C519B2BC5124700169160 /* NewsContentImageCell.xib */; };
		3F4C519D2BC5124700169160 /* NewsContentImageCell.xib in Resources */ = {isa = PBXBuildFile; fileRef = 3F4C519B2BC5124700169160 /* NewsContentImageCell.xib */; };
		3F6846962BB173B7008E410E /* GoogleService-Info.plist in Resources */ = {isa = PBXBuildFile; fileRef = 3F6846952BB173B7008E410E /* GoogleService-Info.plist */; };
		3F6846972BB173B7008E410E /* GoogleService-Info.plist in Resources */ = {isa = PBXBuildFile; fileRef = 3F6846952BB173B7008E410E /* GoogleService-Info.plist */; };
		3F6846982BB173B7008E410E /* GoogleService-Info.plist in Resources */ = {isa = PBXBuildFile; fileRef = 3F6846952BB173B7008E410E /* GoogleService-Info.plist */; };
		3F747A652B5A4A8600DC4B08 /* RswiftLibrary in Frameworks */ = {isa = PBXBuildFile; productRef = 3F747A642B5A4A8600DC4B08 /* RswiftLibrary */; };
		3F747A6C2B5A4B2400DC4B08 /* NewsAPIResponse.swift in Sources */ = {isa = PBXBuildFile; fileRef = E75C2F6329D9F65400FBC7B4 /* NewsAPIResponse.swift */; };
		3F7B63472B5A5C8E009BE0AF /* WidgetAPIManager.swift in Sources */ = {isa = PBXBuildFile; fileRef = 3F7B63462B5A5C8E009BE0AF /* WidgetAPIManager.swift */; };
		3F7B63482B5A5CB5009BE0AF /* APIDomainEnum.swift in Sources */ = {isa = PBXBuildFile; fileRef = 3F079BFE2B16E4AE0076DA20 /* APIDomainEnum.swift */; };
		3F7B634C2B5A61CE009BE0AF /* UserDefaultsKeyEnum.swift in Sources */ = {isa = PBXBuildFile; fileRef = E706448829EACCAC009F8C64 /* UserDefaultsKeyEnum.swift */; };
		3F7B634D2B5A62C5009BE0AF /* ArticlesTotalProtobuf.pb.swift in Sources */ = {isa = PBXBuildFile; fileRef = 3F35225E2B1EF83B00457346 /* ArticlesTotalProtobuf.pb.swift */; };
		3FB3768E2B55203C006CEDFD /* UIView+Animate.swift in Sources */ = {isa = PBXBuildFile; fileRef = 3FB3768D2B55203C006CEDFD /* UIView+Animate.swift */; };
		3FB6167F2BB69867006D28BF /* SettingNotificationViewController.swift in Sources */ = {isa = PBXBuildFile; fileRef = 3FB6167E2BB69867006D28BF /* SettingNotificationViewController.swift */; };
		3FB616802BB69867006D28BF /* SettingNotificationViewController.swift in Sources */ = {isa = PBXBuildFile; fileRef = 3FB6167E2BB69867006D28BF /* SettingNotificationViewController.swift */; };
		3FCE30012BBB97F700F017D4 /* PrivacyInfo.xcprivacy in Resources */ = {isa = PBXBuildFile; fileRef = 3FCE30002BBB97F700F017D4 /* PrivacyInfo.xcprivacy */; };
		3FCE30022BBB97F700F017D4 /* PrivacyInfo.xcprivacy in Resources */ = {isa = PBXBuildFile; fileRef = 3FCE30002BBB97F700F017D4 /* PrivacyInfo.xcprivacy */; };
		3FCE30082BBBFF7F00F017D4 /* UIApplicationExtension.swift in Sources */ = {isa = PBXBuildFile; fileRef = 3FCE30072BBBFF7F00F017D4 /* UIApplicationExtension.swift */; };
		3FCE30092BBBFF7F00F017D4 /* UIApplicationExtension.swift in Sources */ = {isa = PBXBuildFile; fileRef = 3FCE30072BBBFF7F00F017D4 /* UIApplicationExtension.swift */; };
		3FD2630B2B26F35400F5E962 /* UIViewController+Icloud.swift in Sources */ = {isa = PBXBuildFile; fileRef = 3FD2630A2B26F35400F5E962 /* UIViewController+Icloud.swift */; };
		3FD5D0F12B04909400DF02B5 /* ModelEnum.swift in Sources */ = {isa = PBXBuildFile; fileRef = 3FD5D0F02B04909400DF02B5 /* ModelEnum.swift */; };
		3FDB2DCC2B5A490000AFF4CA /* NewsAPIEnum.swift in Sources */ = {isa = PBXBuildFile; fileRef = E7061D0B29DC240800405544 /* NewsAPIEnum.swift */; };
		3FDB99EE2B57BF880022B0D9 /* Localizable.strings in Resources */ = {isa = PBXBuildFile; fileRef = 3F3E88C32B201C9D00883A55 /* Localizable.strings */; };
		3FE26AFC2B566A2A0006DC60 /* WidgetKit.framework in Frameworks */ = {isa = PBXBuildFile; fileRef = 3FE26AFB2B566A2A0006DC60 /* WidgetKit.framework */; };
		3FE26AFE2B566A2A0006DC60 /* SwiftUI.framework in Frameworks */ = {isa = PBXBuildFile; fileRef = 3FE26AFD2B566A2A0006DC60 /* SwiftUI.framework */; };
		3FE26B012B566A2A0006DC60 /* NewsWidgetBundle.swift in Sources */ = {isa = PBXBuildFile; fileRef = 3FE26B002B566A2A0006DC60 /* NewsWidgetBundle.swift */; };
		3FE26B032B566A2A0006DC60 /* NewsWidgetLiveActivity.swift in Sources */ = {isa = PBXBuildFile; fileRef = 3FE26B022B566A2A0006DC60 /* NewsWidgetLiveActivity.swift */; };
		3FE26B052B566A2A0006DC60 /* NewsWidget.swift in Sources */ = {isa = PBXBuildFile; fileRef = 3FE26B042B566A2A0006DC60 /* NewsWidget.swift */; };
		3FE26B072B566A2D0006DC60 /* Assets.xcassets in Resources */ = {isa = PBXBuildFile; fileRef = 3FE26B062B566A2D0006DC60 /* Assets.xcassets */; };
		3FE26B0B2B566A2D0006DC60 /* NewsWidgetExtension.appex in Embed Foundation Extensions */ = {isa = PBXBuildFile; fileRef = 3FE26AF92B566A2A0006DC60 /* NewsWidgetExtension.appex */; settings = {ATTRIBUTES = (RemoveHeadersOnCopy, ); }; };
		3FE5F01D2B0370B70078D08F /* UIViewController+TableViewPreview.swift in Sources */ = {isa = PBXBuildFile; fileRef = 3FE5F01C2B0370B70078D08F /* UIViewController+TableViewPreview.swift */; };
		3FE5F0202B0377340078D08F /* NewsTableViewProtocal.swift in Sources */ = {isa = PBXBuildFile; fileRef = 3FE5F01F2B0377340078D08F /* NewsTableViewProtocal.swift */; };
		3FEABCA82B6113320083CEE2 /* SwiftProtobuf in Frameworks */ = {isa = PBXBuildFile; productRef = 3FEABCA72B6113320083CEE2 /* SwiftProtobuf */; };
		3FEC37E42B22F3E200BAFD84 /* SettingBlockedSourceViewController.swift in Sources */ = {isa = PBXBuildFile; fileRef = 3FEC37E32B22F3E200BAFD84 /* SettingBlockedSourceViewController.swift */; };
		3FEE017C2B33CB0000FE327F /* Utils.swift in Sources */ = {isa = PBXBuildFile; fileRef = 3FEE017B2B33CB0000FE327F /* Utils.swift */; };
		3FEFAFC82B6206F9000E3C08 /* UserDefaultsExtension.swift in Sources */ = {isa = PBXBuildFile; fileRef = E706448529EACBF5009F8C64 /* UserDefaultsExtension.swift */; };
		3FF0BF9B2B19B6AF00FC84D1 /* Toast in Frameworks */ = {isa = PBXBuildFile; productRef = 3FF0BF9A2B19B6AF00FC84D1 /* Toast */; };
		3FF0BF9D2B19B91E00FC84D1 /* PrintExtension.swift in Sources */ = {isa = PBXBuildFile; fileRef = 3FF0BF9C2B19B91E00FC84D1 /* PrintExtension.swift */; };
		3FF0CD572B6B7887005A0DE6 /* LinkUrlEnum.swift in Sources */ = {isa = PBXBuildFile; fileRef = 3FF0CD562B6B7887005A0DE6 /* LinkUrlEnum.swift */; };
		3FF12DD02BC3EB43001CDFD5 /* FirebaseCrashlytics in Frameworks */ = {isa = PBXBuildFile; productRef = 3FF12DCF2BC3EB43001CDFD5 /* FirebaseCrashlytics */; };
		3FF12DD22BC3EB63001CDFD5 /* FirebaseMessaging in Frameworks */ = {isa = PBXBuildFile; productRef = 3FF12DD12BC3EB63001CDFD5 /* FirebaseMessaging */; };
		3FF12DD62BC3ED8D001CDFD5 /* FirebaseCrashlytics in Frameworks */ = {isa = PBXBuildFile; productRef = 3FF12DD52BC3ED8D001CDFD5 /* FirebaseCrashlytics */; };
		3FF12DD82BC3ED96001CDFD5 /* FirebaseMessaging in Frameworks */ = {isa = PBXBuildFile; productRef = 3FF12DD72BC3ED96001CDFD5 /* FirebaseMessaging */; };
		3FF491222B1864B300CB4B5D /* FLEX in Frameworks */ = {isa = PBXBuildFile; productRef = 3FF491212B1864B300CB4B5D /* FLEX */; };
		3FF497682B01B21F007DA1DB /* SettingTableViewController.swift in Sources */ = {isa = PBXBuildFile; fileRef = 3FF497672B01B21F007DA1DB /* SettingTableViewController.swift */; };
		3FFC50BA2B67515300D7CEE9 /* SceneDelegateExtension.swift in Sources */ = {isa = PBXBuildFile; fileRef = 3FFC50B92B67515300D7CEE9 /* SceneDelegateExtension.swift */; };
		3FFC50BE2B67525100D7CEE9 /* UrlHandleTypeEnum.swift in Sources */ = {isa = PBXBuildFile; fileRef = 3FFC50BD2B67525100D7CEE9 /* UrlHandleTypeEnum.swift */; };
		3FFC68192B68DAE800D4E6D4 /* UIViewController+SwiftUI.swift in Sources */ = {isa = PBXBuildFile; fileRef = 3FFC68182B68DAE800D4E6D4 /* UIViewController+SwiftUI.swift */; };
		E7061D0829DB6A6800405544 /* Kingfisher in Frameworks */ = {isa = PBXBuildFile; productRef = E7061D0729DB6A6800405544 /* Kingfisher */; };
		E7061D0A29DB78F100405544 /* WebViewViewController.swift in Sources */ = {isa = PBXBuildFile; fileRef = E7061D0929DB78F100405544 /* WebViewViewController.swift */; };
		E7061D0C29DC240800405544 /* NewsAPIEnum.swift in Sources */ = {isa = PBXBuildFile; fileRef = E7061D0B29DC240800405544 /* NewsAPIEnum.swift */; };
		E706448629EACBF6009F8C64 /* UserDefaultsExtension.swift in Sources */ = {isa = PBXBuildFile; fileRef = E706448529EACBF5009F8C64 /* UserDefaultsExtension.swift */; };
		E706448929EACCAC009F8C64 /* UserDefaultsKeyEnum.swift in Sources */ = {isa = PBXBuildFile; fileRef = E706448829EACCAC009F8C64 /* UserDefaultsKeyEnum.swift */; };
		E71ED276292696FF00A39F3C /* LocalFileManager.swift in Sources */ = {isa = PBXBuildFile; fileRef = E71ED275292696FF00A39F3C /* LocalFileManager.swift */; };
		E73EB51E2933627E00D1F74C /* MLModelManager.swift in Sources */ = {isa = PBXBuildFile; fileRef = E73EB51D2933627E00D1F74C /* MLModelManager.swift */; };
		E73EB5222933873F00D1F74C /* .gitignore in Resources */ = {isa = PBXBuildFile; fileRef = E73EB5212933873F00D1F74C /* .gitignore */; };
		E74A0AE929DF188E00585387 /* HeadlinesPageViewController.swift in Sources */ = {isa = PBXBuildFile; fileRef = E74A0AE829DF188D00585387 /* HeadlinesPageViewController.swift */; };
		E74A0AEB29DF18CC00585387 /* HeadlinesTableViewController.swift in Sources */ = {isa = PBXBuildFile; fileRef = E74A0AEA29DF18CC00585387 /* HeadlinesTableViewController.swift */; };
		E7528DE829E1DCD6001169F0 /* NewsContent.storyboard in Resources */ = {isa = PBXBuildFile; fileRef = E7528DE629E1DCD6001169F0 /* NewsContent.storyboard */; };
		E7528DEA29E28C9B001169F0 /* SearchContentViewController.swift in Sources */ = {isa = PBXBuildFile; fileRef = E7528DE929E28C9B001169F0 /* SearchContentViewController.swift */; };
		E7528DEC29E29749001169F0 /* NewsTabBarViewController.swift in Sources */ = {isa = PBXBuildFile; fileRef = E7528DEB29E29749001169F0 /* NewsTabBarViewController.swift */; };
		E7528DEE29E2EDD8001169F0 /* SearchSettingViewController.swift in Sources */ = {isa = PBXBuildFile; fileRef = E7528DED29E2EDD8001169F0 /* SearchSettingViewController.swift */; };
		E75555C1292A97B400E35365 /* FileType.swift in Sources */ = {isa = PBXBuildFile; fileRef = E75555C0292A97B400E35365 /* FileType.swift */; };
		E75555C4292A980300E35365 /* UrlExtention.swift in Sources */ = {isa = PBXBuildFile; fileRef = E75555C3292A980300E35365 /* UrlExtention.swift */; };
		E75654A229EC506C009A123B /* MarkListViewController.swift in Sources */ = {isa = PBXBuildFile; fileRef = E75654A129EC506C009A123B /* MarkListViewController.swift */; };
		E75B1BAB2933544D004CA82C /* ZoomImageView.swift in Sources */ = {isa = PBXBuildFile; fileRef = E75B1BAA2933544D004CA82C /* ZoomImageView.swift */; };
		E75B1BAD29335570004CA82C /* ImageViewController.swift in Sources */ = {isa = PBXBuildFile; fileRef = E75B1BAC29335570004CA82C /* ImageViewController.swift */; };
		E75B32882B6A85B700319352 /* UIViewController+SwiftUI.swift in Sources */ = {isa = PBXBuildFile; fileRef = 3FFC68182B68DAE800D4E6D4 /* UIViewController+SwiftUI.swift */; };
		E75B328A2B6A877000319352 /* SceneDelegateExtension.swift in Sources */ = {isa = PBXBuildFile; fileRef = 3FFC50B92B67515300D7CEE9 /* SceneDelegateExtension.swift */; };
		E75B328C2B6A878800319352 /* UrlHandleTypeEnum.swift in Sources */ = {isa = PBXBuildFile; fileRef = 3FFC50BD2B67525100D7CEE9 /* UrlHandleTypeEnum.swift */; };
		E75B328E2B6A87C300319352 /* GuideStepGif.bundle in Resources */ = {isa = PBXBuildFile; fileRef = 3F288BD12B69F6350080D7FC /* GuideStepGif.bundle */; };
		E75B32F42B6A8AE100319352 /* NewsWidgetExtension.appex in Embed Foundation Extensions */ = {isa = PBXBuildFile; fileRef = 3FE26AF92B566A2A0006DC60 /* NewsWidgetExtension.appex */; settings = {ATTRIBUTES = (RemoveHeadersOnCopy, ); }; };
		E75C2F5F29D9F51000FBC7B4 /* ClassifyHeadlineViewController.swift in Sources */ = {isa = PBXBuildFile; fileRef = E75C2F5E29D9F51000FBC7B4 /* ClassifyHeadlineViewController.swift */; };
		E75C2F6129D9F51D00FBC7B4 /* SearchNewsViewController.swift in Sources */ = {isa = PBXBuildFile; fileRef = E75C2F6029D9F51D00FBC7B4 /* SearchNewsViewController.swift */; };
		E75C2F6429D9F65400FBC7B4 /* NewsAPIResponse.swift in Sources */ = {isa = PBXBuildFile; fileRef = E75C2F6329D9F65400FBC7B4 /* NewsAPIResponse.swift */; };
		E75C2F6729D9F6B900FBC7B4 /* APIManager.swift in Sources */ = {isa = PBXBuildFile; fileRef = E75C2F6629D9F6B900FBC7B4 /* APIManager.swift */; };
		E76A86E429DD9F39008B781F /* ClassifyCollectionViewCell.swift in Sources */ = {isa = PBXBuildFile; fileRef = E76A86E229DD9F38008B781F /* ClassifyCollectionViewCell.swift */; };
		E76A86E529DD9F39008B781F /* ClassifyCollectionViewCell.xib in Resources */ = {isa = PBXBuildFile; fileRef = E76A86E329DD9F39008B781F /* ClassifyCollectionViewCell.xib */; };
		E774013A29E5C2A40052C577 /* UIButtonExtension.swift in Sources */ = {isa = PBXBuildFile; fileRef = E774013929E5C2A40052C577 /* UIButtonExtension.swift */; };
		E77865DB29DC344500F5ED1C /* NewsSettingManager.swift in Sources */ = {isa = PBXBuildFile; fileRef = E77865DA29DC344500F5ED1C /* NewsSettingManager.swift */; };
		E77865DD29DC4CBA00F5ED1C /* HeadlinesSettingViewController.swift in Sources */ = {isa = PBXBuildFile; fileRef = E77865DC29DC4CBA00F5ED1C /* HeadlinesSettingViewController.swift */; };
		E77EF8D42906A35600EE94E6 /* AppDelegate.swift in Sources */ = {isa = PBXBuildFile; fileRef = E77EF8D32906A35600EE94E6 /* AppDelegate.swift */; };
		E77EF8D62906A35600EE94E6 /* SceneDelegate.swift in Sources */ = {isa = PBXBuildFile; fileRef = E77EF8D52906A35600EE94E6 /* SceneDelegate.swift */; };
		E77EF8DB2906A35600EE94E6 /* Main.storyboard in Resources */ = {isa = PBXBuildFile; fileRef = E77EF8D92906A35600EE94E6 /* Main.storyboard */; };
		E77EF8DD2906A35800EE94E6 /* Assets.xcassets in Resources */ = {isa = PBXBuildFile; fileRef = E77EF8DC2906A35800EE94E6 /* Assets.xcassets */; };
		E77EF8E02906A35800EE94E6 /* LaunchScreen.storyboard in Resources */ = {isa = PBXBuildFile; fileRef = E77EF8DE2906A35800EE94E6 /* LaunchScreen.storyboard */; };
		E7CF424129DB317D006F41C2 /* NewsCell.xib in Resources */ = {isa = PBXBuildFile; fileRef = E7CF424029DB317D006F41C2 /* NewsCell.xib */; };
		E7CF424329DB48ED006F41C2 /* NewsCell.swift in Sources */ = {isa = PBXBuildFile; fileRef = E7CF424229DB48ED006F41C2 /* NewsCell.swift */; };
		E7F38BF429E0F570003E7E6F /* CustomVIew.swift in Sources */ = {isa = PBXBuildFile; fileRef = E7F38BF329E0F570003E7E6F /* CustomVIew.swift */; };
/* End PBXBuildFile section */

/* Begin PBXContainerItemProxy section */
		3F2B69862B6357220037290A /* PBXContainerItemProxy */ = {
			isa = PBXContainerItemProxy;
			containerPortal = E77EF8C82906A35600EE94E6 /* Project object */;
			proxyType = 1;
			remoteGlobalIDString = 3FE26AF82B566A2A0006DC60;
			remoteInfo = NewsWidgetExtension;
		};
/* End PBXContainerItemProxy section */

/* Begin PBXCopyFilesBuildPhase section */
		3FE26B0C2B566A2E0006DC60 /* Embed Foundation Extensions */ = {
			isa = PBXCopyFilesBuildPhase;
			buildActionMask = 12;
			dstPath = "";
			dstSubfolderSpec = 13;
			files = (
				3FE26B0B2B566A2D0006DC60 /* NewsWidgetExtension.appex in Embed Foundation Extensions */,
			);
			name = "Embed Foundation Extensions";
			runOnlyForDeploymentPostprocessing = 0;
		};
/* End PBXCopyFilesBuildPhase section */

/* Begin PBXFileReference section */
		3F079BFE2B16E4AE0076DA20 /* APIDomainEnum.swift */ = {isa = PBXFileReference; lastKnownFileType = sourcecode.swift; path = APIDomainEnum.swift; sourceTree = "<group>"; };
		3F288BD12B69F6350080D7FC /* GuideStepGif.bundle */ = {isa = PBXFileReference; lastKnownFileType = "wrapper.plug-in"; path = GuideStepGif.bundle; sourceTree = "<group>"; };
		3F2B698C2B6393E60037290A /* NewsWidgetIntent.swift */ = {isa = PBXFileReference; lastKnownFileType = sourcecode.swift; path = NewsWidgetIntent.swift; sourceTree = "<group>"; };
		3F2B69902B6394670037290A /* NewsEntry.swift */ = {isa = PBXFileReference; lastKnownFileType = sourcecode.swift; path = NewsEntry.swift; sourceTree = "<group>"; };
		3F2B69942B6394DB0037290A /* NewsWidgetProvider.swift */ = {isa = PBXFileReference; lastKnownFileType = sourcecode.swift; path = NewsWidgetProvider.swift; sourceTree = "<group>"; };
		3F35225E2B1EF83B00457346 /* ArticlesTotalProtobuf.pb.swift */ = {isa = PBXFileReference; fileEncoding = 4; lastKnownFileType = sourcecode.swift; path = ArticlesTotalProtobuf.pb.swift; sourceTree = "<group>"; };
		3F3E88C22B201C9D00883A55 /* en */ = {isa = PBXFileReference; lastKnownFileType = text.plist.strings; name = en; path = en.lproj/Localizable.strings; sourceTree = "<group>"; };
		3F3E88C42B201CC200883A55 /* zh-Hant */ = {isa = PBXFileReference; lastKnownFileType = text.plist.strings; name = "zh-Hant"; path = "ColorBarTesting/Storyboard/zh-Hant.lproj/NewsContent.strings"; sourceTree = "<group>"; };
		3F3E88C52B201CC300883A55 /* zh-Hant */ = {isa = PBXFileReference; lastKnownFileType = text.plist.strings; name = "zh-Hant"; path = "zh-Hant.lproj/Main.strings"; sourceTree = "<group>"; };
		3F3E88C62B201CC300883A55 /* zh-Hant */ = {isa = PBXFileReference; lastKnownFileType = text.plist.strings; name = "zh-Hant"; path = "zh-Hant.lproj/LaunchScreen.strings"; sourceTree = "<group>"; };
		3F3E88C72B201CC300883A55 /* zh-Hant */ = {isa = PBXFileReference; lastKnownFileType = text.plist.strings; name = "zh-Hant"; path = "zh-Hant.lproj/Localizable.strings"; sourceTree = "<group>"; };
		3F3E88C92B201CCD00883A55 /* en */ = {isa = PBXFileReference; lastKnownFileType = text.plist.strings; name = en; path = ColorBarTesting/Storyboard/en.lproj/NewsContent.strings; sourceTree = "<group>"; };
		3F3E88CB2B201CCF00883A55 /* en */ = {isa = PBXFileReference; lastKnownFileType = text.plist.strings; name = en; path = en.lproj/Main.strings; sourceTree = "<group>"; };
		3F3E88CD2B201CD300883A55 /* en */ = {isa = PBXFileReference; lastKnownFileType = text.plist.strings; name = en; path = en.lproj/LaunchScreen.strings; sourceTree = "<group>"; };
		3F3E88CE2B205AA300883A55 /* ja */ = {isa = PBXFileReference; lastKnownFileType = text.plist.strings; name = ja; path = ColorBarTesting/Storyboard/ja.lproj/NewsContent.strings; sourceTree = "<group>"; };
		3F3E88CF2B205AA300883A55 /* ja */ = {isa = PBXFileReference; lastKnownFileType = text.plist.strings; name = ja; path = ja.lproj/Main.strings; sourceTree = "<group>"; };
		3F3E88D02B205AA400883A55 /* ja */ = {isa = PBXFileReference; lastKnownFileType = text.plist.strings; name = ja; path = ja.lproj/LaunchScreen.strings; sourceTree = "<group>"; };
		3F3E88D12B205AA400883A55 /* ja */ = {isa = PBXFileReference; lastKnownFileType = text.plist.strings; name = ja; path = ja.lproj/Localizable.strings; sourceTree = "<group>"; };
		3F4C519B2BC5124700169160 /* NewsContentImageCell.xib */ = {isa = PBXFileReference; lastKnownFileType = file.xib; path = NewsContentImageCell.xib; sourceTree = "<group>"; };
		3F6846952BB173B7008E410E /* GoogleService-Info.plist */ = {isa = PBXFileReference; fileEncoding = 4; lastKnownFileType = text.plist.xml; path = "GoogleService-Info.plist"; sourceTree = "<group>"; };
		3F7B63462B5A5C8E009BE0AF /* WidgetAPIManager.swift */ = {isa = PBXFileReference; lastKnownFileType = sourcecode.swift; path = WidgetAPIManager.swift; sourceTree = "<group>"; };
		3F7B63492B5A5D9E009BE0AF /* NewsWidgetExtension.entitlements */ = {isa = PBXFileReference; lastKnownFileType = text.plist.entitlements; path = NewsWidgetExtension.entitlements; sourceTree = "<group>"; };
		3FB3768D2B55203C006CEDFD /* UIView+Animate.swift */ = {isa = PBXFileReference; lastKnownFileType = sourcecode.swift; path = "UIView+Animate.swift"; sourceTree = "<group>"; };
		3FB6167E2BB69867006D28BF /* SettingNotificationViewController.swift */ = {isa = PBXFileReference; lastKnownFileType = sourcecode.swift; path = SettingNotificationViewController.swift; sourceTree = "<group>"; };
		3FCE30002BBB97F700F017D4 /* PrivacyInfo.xcprivacy */ = {isa = PBXFileReference; lastKnownFileType = text.xml; path = PrivacyInfo.xcprivacy; sourceTree = "<group>"; };
		3FCE30072BBBFF7F00F017D4 /* UIApplicationExtension.swift */ = {isa = PBXFileReference; lastKnownFileType = sourcecode.swift; path = UIApplicationExtension.swift; sourceTree = "<group>"; };
		3FD2630A2B26F35400F5E962 /* UIViewController+Icloud.swift */ = {isa = PBXFileReference; lastKnownFileType = sourcecode.swift; path = "UIViewController+Icloud.swift"; sourceTree = "<group>"; };
		3FD5D0F02B04909400DF02B5 /* ModelEnum.swift */ = {isa = PBXFileReference; lastKnownFileType = sourcecode.swift; path = ModelEnum.swift; sourceTree = "<group>"; };
		3FE26AF92B566A2A0006DC60 /* NewsWidgetExtension.appex */ = {isa = PBXFileReference; explicitFileType = "wrapper.app-extension"; includeInIndex = 0; path = NewsWidgetExtension.appex; sourceTree = BUILT_PRODUCTS_DIR; };
		3FE26AFB2B566A2A0006DC60 /* WidgetKit.framework */ = {isa = PBXFileReference; lastKnownFileType = wrapper.framework; name = WidgetKit.framework; path = System/Library/Frameworks/WidgetKit.framework; sourceTree = SDKROOT; };
		3FE26AFD2B566A2A0006DC60 /* SwiftUI.framework */ = {isa = PBXFileReference; lastKnownFileType = wrapper.framework; name = SwiftUI.framework; path = System/Library/Frameworks/SwiftUI.framework; sourceTree = SDKROOT; };
		3FE26B002B566A2A0006DC60 /* NewsWidgetBundle.swift */ = {isa = PBXFileReference; lastKnownFileType = sourcecode.swift; path = NewsWidgetBundle.swift; sourceTree = "<group>"; };
		3FE26B022B566A2A0006DC60 /* NewsWidgetLiveActivity.swift */ = {isa = PBXFileReference; lastKnownFileType = sourcecode.swift; path = NewsWidgetLiveActivity.swift; sourceTree = "<group>"; };
		3FE26B042B566A2A0006DC60 /* NewsWidget.swift */ = {isa = PBXFileReference; lastKnownFileType = sourcecode.swift; path = NewsWidget.swift; sourceTree = "<group>"; };
		3FE26B062B566A2D0006DC60 /* Assets.xcassets */ = {isa = PBXFileReference; lastKnownFileType = folder.assetcatalog; path = Assets.xcassets; sourceTree = "<group>"; };
		3FE26B082B566A2D0006DC60 /* Info.plist */ = {isa = PBXFileReference; lastKnownFileType = text.plist.xml; path = Info.plist; sourceTree = "<group>"; };
		3FE5F01C2B0370B70078D08F /* UIViewController+TableViewPreview.swift */ = {isa = PBXFileReference; lastKnownFileType = sourcecode.swift; path = "UIViewController+TableViewPreview.swift"; sourceTree = "<group>"; };
		3FE5F01F2B0377340078D08F /* NewsTableViewProtocal.swift */ = {isa = PBXFileReference; lastKnownFileType = sourcecode.swift; path = NewsTableViewProtocal.swift; sourceTree = "<group>"; };
		3FEC37E32B22F3E200BAFD84 /* SettingBlockedSourceViewController.swift */ = {isa = PBXFileReference; lastKnownFileType = sourcecode.swift; path = SettingBlockedSourceViewController.swift; sourceTree = "<group>"; };
		3FEE017B2B33CB0000FE327F /* Utils.swift */ = {isa = PBXFileReference; lastKnownFileType = sourcecode.swift; path = Utils.swift; sourceTree = "<group>"; };
		3FF0BF9C2B19B91E00FC84D1 /* PrintExtension.swift */ = {isa = PBXFileReference; lastKnownFileType = sourcecode.swift; path = PrintExtension.swift; sourceTree = "<group>"; };
		3FF0CD562B6B7887005A0DE6 /* LinkUrlEnum.swift */ = {isa = PBXFileReference; lastKnownFileType = sourcecode.swift; path = LinkUrlEnum.swift; sourceTree = "<group>"; };
		3FF497672B01B21F007DA1DB /* SettingTableViewController.swift */ = {isa = PBXFileReference; lastKnownFileType = sourcecode.swift; path = SettingTableViewController.swift; sourceTree = "<group>"; };
		3FFC50B92B67515300D7CEE9 /* SceneDelegateExtension.swift */ = {isa = PBXFileReference; lastKnownFileType = sourcecode.swift; path = SceneDelegateExtension.swift; sourceTree = "<group>"; };
		3FFC50BD2B67525100D7CEE9 /* UrlHandleTypeEnum.swift */ = {isa = PBXFileReference; lastKnownFileType = sourcecode.swift; path = UrlHandleTypeEnum.swift; sourceTree = "<group>"; };
		3FFC68182B68DAE800D4E6D4 /* UIViewController+SwiftUI.swift */ = {isa = PBXFileReference; lastKnownFileType = sourcecode.swift; path = "UIViewController+SwiftUI.swift"; sourceTree = "<group>"; };
		E7061D0929DB78F100405544 /* WebViewViewController.swift */ = {isa = PBXFileReference; lastKnownFileType = sourcecode.swift; path = WebViewViewController.swift; sourceTree = "<group>"; };
		E7061D0B29DC240800405544 /* NewsAPIEnum.swift */ = {isa = PBXFileReference; lastKnownFileType = sourcecode.swift; path = NewsAPIEnum.swift; sourceTree = "<group>"; };
		E706448529EACBF5009F8C64 /* UserDefaultsExtension.swift */ = {isa = PBXFileReference; lastKnownFileType = sourcecode.swift; path = UserDefaultsExtension.swift; sourceTree = "<group>"; };
		E706448829EACCAC009F8C64 /* UserDefaultsKeyEnum.swift */ = {isa = PBXFileReference; lastKnownFileType = sourcecode.swift; path = UserDefaultsKeyEnum.swift; sourceTree = "<group>"; };
		E71ED275292696FF00A39F3C /* LocalFileManager.swift */ = {isa = PBXFileReference; lastKnownFileType = sourcecode.swift; path = LocalFileManager.swift; sourceTree = "<group>"; };
		E73EB51D2933627E00D1F74C /* MLModelManager.swift */ = {isa = PBXFileReference; lastKnownFileType = sourcecode.swift; path = MLModelManager.swift; sourceTree = "<group>"; };
		E73EB5212933873F00D1F74C /* .gitignore */ = {isa = PBXFileReference; lastKnownFileType = text; path = .gitignore; sourceTree = "<group>"; };
		E74A0AE829DF188D00585387 /* HeadlinesPageViewController.swift */ = {isa = PBXFileReference; lastKnownFileType = sourcecode.swift; path = HeadlinesPageViewController.swift; sourceTree = "<group>"; };
		E74A0AEA29DF18CC00585387 /* HeadlinesTableViewController.swift */ = {isa = PBXFileReference; lastKnownFileType = sourcecode.swift; path = HeadlinesTableViewController.swift; sourceTree = "<group>"; };
		E7528DE729E1DCD6001169F0 /* Base */ = {isa = PBXFileReference; lastKnownFileType = file.storyboard; name = Base; path = ColorBarTesting/Storyboard/Base.lproj/NewsContent.storyboard; sourceTree = "<group>"; };
		E7528DE929E28C9B001169F0 /* SearchContentViewController.swift */ = {isa = PBXFileReference; lastKnownFileType = sourcecode.swift; path = SearchContentViewController.swift; sourceTree = "<group>"; };
		E7528DEB29E29749001169F0 /* NewsTabBarViewController.swift */ = {isa = PBXFileReference; lastKnownFileType = sourcecode.swift; path = NewsTabBarViewController.swift; sourceTree = "<group>"; };
		E7528DED29E2EDD8001169F0 /* SearchSettingViewController.swift */ = {isa = PBXFileReference; lastKnownFileType = sourcecode.swift; path = SearchSettingViewController.swift; sourceTree = "<group>"; };
		E75555C0292A97B400E35365 /* FileType.swift */ = {isa = PBXFileReference; lastKnownFileType = sourcecode.swift; path = FileType.swift; sourceTree = "<group>"; };
		E75555C3292A980300E35365 /* UrlExtention.swift */ = {isa = PBXFileReference; lastKnownFileType = sourcecode.swift; path = UrlExtention.swift; sourceTree = "<group>"; };
		E75654A129EC506C009A123B /* MarkListViewController.swift */ = {isa = PBXFileReference; lastKnownFileType = sourcecode.swift; path = MarkListViewController.swift; sourceTree = "<group>"; };
		E75B1BAA2933544D004CA82C /* ZoomImageView.swift */ = {isa = PBXFileReference; lastKnownFileType = sourcecode.swift; path = ZoomImageView.swift; sourceTree = "<group>"; };
		E75C2F5E29D9F51000FBC7B4 /* ClassifyHeadlineViewController.swift */ = {isa = PBXFileReference; lastKnownFileType = sourcecode.swift; path = ClassifyHeadlineViewController.swift; sourceTree = "<group>"; };
		E75C2F6029D9F51D00FBC7B4 /* SearchNewsViewController.swift */ = {isa = PBXFileReference; lastKnownFileType = sourcecode.swift; path = SearchNewsViewController.swift; sourceTree = "<group>"; };
		E75C2F6329D9F65400FBC7B4 /* NewsAPIResponse.swift */ = {isa = PBXFileReference; lastKnownFileType = sourcecode.swift; path = NewsAPIResponse.swift; sourceTree = "<group>"; };
		E75C2F6629D9F6B900FBC7B4 /* APIManager.swift */ = {isa = PBXFileReference; lastKnownFileType = sourcecode.swift; path = APIManager.swift; sourceTree = "<group>"; };
		E76A86E229DD9F38008B781F /* ClassifyCollectionViewCell.swift */ = {isa = PBXFileReference; lastKnownFileType = sourcecode.swift; path = "Classif\byCollectionViewCell.swift"; sourceTree = "<group>"; };
		E76A86E329DD9F39008B781F /* ClassifyCollectionViewCell.xib */ = {isa = PBXFileReference; lastKnownFileType = file.xib; path = ClassifyCollectionViewCell.xib; sourceTree = "<group>"; };
		E774013929E5C2A40052C577 /* UIButtonExtension.swift */ = {isa = PBXFileReference; lastKnownFileType = sourcecode.swift; path = UIButtonExtension.swift; sourceTree = "<group>"; };
		E77865DA29DC344500F5ED1C /* NewsSettingManager.swift */ = {isa = PBXFileReference; lastKnownFileType = sourcecode.swift; path = NewsSettingManager.swift; sourceTree = "<group>"; };
		E77865DC29DC4CBA00F5ED1C /* HeadlinesSettingViewController.swift */ = {isa = PBXFileReference; lastKnownFileType = sourcecode.swift; path = HeadlinesSettingViewController.swift; sourceTree = "<group>"; };
		E77EF8D02906A35600EE94E6 /* NewsApp.app */ = {isa = PBXFileReference; explicitFileType = wrapper.application; includeInIndex = 0; path = NewsApp.app; sourceTree = BUILT_PRODUCTS_DIR; };
		E77EF8D32906A35600EE94E6 /* AppDelegate.swift */ = {isa = PBXFileReference; lastKnownFileType = sourcecode.swift; path = AppDelegate.swift; sourceTree = "<group>"; };
		E77EF8D52906A35600EE94E6 /* SceneDelegate.swift */ = {isa = PBXFileReference; lastKnownFileType = sourcecode.swift; path = SceneDelegate.swift; sourceTree = "<group>"; };
		E77EF8DA2906A35600EE94E6 /* Base */ = {isa = PBXFileReference; lastKnownFileType = file.storyboard; name = Base; path = Base.lproj/Main.storyboard; sourceTree = "<group>"; };
		E77EF8DC2906A35800EE94E6 /* Assets.xcassets */ = {isa = PBXFileReference; lastKnownFileType = folder.assetcatalog; path = Assets.xcassets; sourceTree = "<group>"; };
		E77EF8DF2906A35800EE94E6 /* Base */ = {isa = PBXFileReference; lastKnownFileType = file.storyboard; name = Base; path = Base.lproj/LaunchScreen.storyboard; sourceTree = "<group>"; };
		E77EF8E12906A35800EE94E6 /* Info.plist */ = {isa = PBXFileReference; lastKnownFileType = text.plist.xml; path = Info.plist; sourceTree = "<group>"; };
		E77EF8E92906AAAD00EE94E6 /* NewsApp.entitlements */ = {isa = PBXFileReference; lastKnownFileType = text.plist.entitlements; path = NewsApp.entitlements; sourceTree = "<group>"; };
		E7CF424029DB317D006F41C2 /* NewsCell.xib */ = {isa = PBXFileReference; lastKnownFileType = file.xib; path = NewsCell.xib; sourceTree = "<group>"; };
		E7CF424229DB48ED006F41C2 /* NewsCell.swift */ = {isa = PBXFileReference; lastKnownFileType = sourcecode.swift; path = NewsCell.swift; sourceTree = "<group>"; };
		E7F38BF329E0F570003E7E6F /* CustomVIew.swift */ = {isa = PBXFileReference; lastKnownFileType = sourcecode.swift; path = CustomVIew.swift; sourceTree = "<group>"; };
/* End PBXFileReference section */

/* Begin PBXFrameworksBuildPhase section */
		3FE26AF62B566A2A0006DC60 /* Frameworks */ = {
			isa = PBXFrameworksBuildPhase;
			buildActionMask = 2147483647;
			files = (
				3FE26AFE2B566A2A0006DC60 /* SwiftUI.framework in Frameworks */,
				3FE26AFC2B566A2A0006DC60 /* WidgetKit.framework in Frameworks */,
				3F747A652B5A4A8600DC4B08 /* RswiftLibrary in Frameworks */,
				3FEABCA82B6113320083CEE2 /* SwiftProtobuf in Frameworks */,
				3F07281B2B67898200489CB0 /* Kingfisher in Frameworks */,
			);
			runOnlyForDeploymentPostprocessing = 0;
		};
		E77EF8CD2906A35600EE94E6 /* Frameworks */ = {
			isa = PBXFrameworksBuildPhase;
			buildActionMask = 2147483647;
			files = (
				3F35225C2B1EF7FD00457346 /* protoc-gen-swift in Frameworks */,
				3F079C042B172C820076DA20 /* NVActivityIndicatorViewExtended in Frameworks */,
				3F079C022B172C820076DA20 /* NVActivityIndicatorView in Frameworks */,
				3F35225A2B1EF7FD00457346 /* SwiftProtobufPluginLibrary in Frameworks */,
				E7061D0829DB6A6800405544 /* Kingfisher in Frameworks */,
				3F3E88BA2B2019F700883A55 /* rswift in Frameworks */,
				3F6846B62BB17789008E410E /* FirebaseFirestoreCombine-Community in Frameworks */,
				3FF0BF9B2B19B6AF00FC84D1 /* Toast in Frameworks */,
				3FF491222B1864B300CB4B5D /* FLEX in Frameworks */,
				3FF12DD62BC3ED8D001CDFD5 /* FirebaseCrashlytics in Frameworks */,
				3F3522582B1EF7FD00457346 /* SwiftProtobuf in Frameworks */,
				3FF12DD82BC3ED96001CDFD5 /* FirebaseMessaging in Frameworks */,
				3F3E88B82B2019F700883A55 /* RswiftLibrary in Frameworks */,
			);
			runOnlyForDeploymentPostprocessing = 0;
		};
/* End PBXFrameworksBuildPhase section */

/* Begin PBXGroup section */
		3F35225D2B1EF82900457346 /* Protobuf */ = {
			isa = PBXGroup;
			children = (
				3F35225E2B1EF83B00457346 /* ArticlesTotalProtobuf.pb.swift */,
			);
			path = Protobuf;
			sourceTree = "<group>";
		};
		3FE26AFA2B566A2A0006DC60 /* Frameworks */ = {
			isa = PBXGroup;
			children = (
				3FE26AFB2B566A2A0006DC60 /* WidgetKit.framework */,
				3FE26AFD2B566A2A0006DC60 /* SwiftUI.framework */,
			);
			name = Frameworks;
			sourceTree = "<group>";
		};
		3FE26AFF2B566A2A0006DC60 /* NewsWidget */ = {
			isa = PBXGroup;
			children = (
				3FF0CD552B6B7854005A0DE6 /* Enum */,
				3FE26B002B566A2A0006DC60 /* NewsWidgetBundle.swift */,
				3FE26B022B566A2A0006DC60 /* NewsWidgetLiveActivity.swift */,
				3FE26B042B566A2A0006DC60 /* NewsWidget.swift */,
				3FE26B062B566A2D0006DC60 /* Assets.xcassets */,
				3FE26B082B566A2D0006DC60 /* Info.plist */,
				3F7B63462B5A5C8E009BE0AF /* WidgetAPIManager.swift */,
				3F2B698C2B6393E60037290A /* NewsWidgetIntent.swift */,
				3F2B69902B6394670037290A /* NewsEntry.swift */,
				3F2B69942B6394DB0037290A /* NewsWidgetProvider.swift */,
			);
			path = NewsWidget;
			sourceTree = "<group>";
		};
		3FE5F01E2B0376FB0078D08F /* Protocal */ = {
			isa = PBXGroup;
			children = (
				3FE5F01F2B0377340078D08F /* NewsTableViewProtocal.swift */,
			);
			path = Protocal;
			sourceTree = "<group>";
		};
		3FF0CD552B6B7854005A0DE6 /* Enum */ = {
			isa = PBXGroup;
			children = (
				3FF0CD562B6B7887005A0DE6 /* LinkUrlEnum.swift */,
			);
			path = Enum;
			sourceTree = "<group>";
		};
		3FF497662B01B1DE007DA1DB /* Setting */ = {
			isa = PBXGroup;
			children = (
				3FF497672B01B21F007DA1DB /* SettingTableViewController.swift */,
				3FEC37E32B22F3E200BAFD84 /* SettingBlockedSourceViewController.swift */,
				3FB6167E2BB69867006D28BF /* SettingNotificationViewController.swift */,
			);
			path = Setting;
			sourceTree = "<group>";
		};
		3FFC68202B68FC1200D4E6D4 /* Assets */ = {
			isa = PBXGroup;
			children = (
				3F288BD12B69F6350080D7FC /* GuideStepGif.bundle */,
			);
			path = Assets;
			sourceTree = "<group>";
		};
		E73EB5202933838A00D1F74C /* Customer */ = {
			isa = PBXGroup;
			children = (
				E7CF424029DB317D006F41C2 /* NewsCell.xib */,
				3F4C519B2BC5124700169160 /* NewsContentImageCell.xib */,
				E7CF424229DB48ED006F41C2 /* NewsCell.swift */,
				E75B1BAA2933544D004CA82C /* ZoomImageView.swift */,
				E7061D0929DB78F100405544 /* WebViewViewController.swift */,
				E76A86E229DD9F38008B781F /* ClassifyCollectionViewCell.swift */,
				E76A86E329DD9F39008B781F /* ClassifyCollectionViewCell.xib */,
				E7F38BF329E0F570003E7E6F /* CustomVIew.swift */,
			);
			path = Customer;
			sourceTree = "<group>";
		};
		E74B508229DB2F8000888EAC /* Storyboard */ = {
			isa = PBXGroup;
			children = (
				E74B508529DB313400888EAC /* News */,
				E77EF8D92906A35600EE94E6 /* Main.storyboard */,
				E77EF8DE2906A35800EE94E6 /* LaunchScreen.storyboard */,
			);
			path = Storyboard;
			sourceTree = "<group>";
		};
		E74B508529DB313400888EAC /* News */ = {
			isa = PBXGroup;
			children = (
				E7528DE629E1DCD6001169F0 /* NewsContent.storyboard */,
			);
			path = News;
			sourceTree = "<group>";
		};
		E7528DE329E1D8FD001169F0 /* Headlines_Common */ = {
			isa = PBXGroup;
			children = (
				E75C2F5E29D9F51000FBC7B4 /* ClassifyHeadlineViewController.swift */,
				E74A0AE829DF188D00585387 /* HeadlinesPageViewController.swift */,
				E74A0AEA29DF18CC00585387 /* HeadlinesTableViewController.swift */,
				E77865DC29DC4CBA00F5ED1C /* HeadlinesSettingViewController.swift */,
			);
			path = Headlines_Common;
			sourceTree = "<group>";
		};
		E7528DEF29E2FAFB001169F0 /* Search */ = {
			isa = PBXGroup;
			children = (
				E75C2F6029D9F51D00FBC7B4 /* SearchNewsViewController.swift */,
				E7528DE929E28C9B001169F0 /* SearchContentViewController.swift */,
				E7528DED29E2EDD8001169F0 /* SearchSettingViewController.swift */,
			);
			path = Search;
			sourceTree = "<group>";
		};
		E75555BF292A978C00E35365 /* Enum */ = {
			isa = PBXGroup;
			children = (
				E75555C0292A97B400E35365 /* FileType.swift */,
				E7061D0B29DC240800405544 /* NewsAPIEnum.swift */,
				E706448829EACCAC009F8C64 /* UserDefaultsKeyEnum.swift */,
				3FD5D0F02B04909400DF02B5 /* ModelEnum.swift */,
				3F079BFE2B16E4AE0076DA20 /* APIDomainEnum.swift */,
				3FFC50BD2B67525100D7CEE9 /* UrlHandleTypeEnum.swift */,
			);
			path = Enum;
			sourceTree = "<group>";
		};
		E75555C2292A97D200E35365 /* Extension */ = {
			isa = PBXGroup;
			children = (
				E75555C3292A980300E35365 /* UrlExtention.swift */,
				E774013929E5C2A40052C577 /* UIButtonExtension.swift */,
				E706448529EACBF5009F8C64 /* UserDefaultsExtension.swift */,
				3FE5F01C2B0370B70078D08F /* UIViewController+TableViewPreview.swift */,
				3FF0BF9C2B19B91E00FC84D1 /* PrintExtension.swift */,
				3FD2630A2B26F35400F5E962 /* UIViewController+Icloud.swift */,
				3FB3768D2B55203C006CEDFD /* UIView+Animate.swift */,
				3FFC50B92B67515300D7CEE9 /* SceneDelegateExtension.swift */,
				3FFC68182B68DAE800D4E6D4 /* UIViewController+SwiftUI.swift */,
				3FCE30072BBBFF7F00F017D4 /* UIApplicationExtension.swift */,
			);
			path = Extension;
			sourceTree = "<group>";
		};
		E75555C5292A98A200E35365 /* Manager */ = {
			isa = PBXGroup;
			children = (
				E71ED275292696FF00A39F3C /* LocalFileManager.swift */,
				E73EB51D2933627E00D1F74C /* MLModelManager.swift */,
				3FEE017B2B33CB0000FE327F /* Utils.swift */,
			);
			path = Manager;
			sourceTree = "<group>";
		};
		E75654A029EC504A009A123B /* MarkList */ = {
			isa = PBXGroup;
			children = (
				E75654A129EC506C009A123B /* MarkListViewController.swift */,
			);
			path = MarkList;
			sourceTree = "<group>";
		};
		E75C2F5929D9F44200FBC7B4 /* NewsRoom */ = {
			isa = PBXGroup;
			children = (
				3FF497662B01B1DE007DA1DB /* Setting */,
				E75654A029EC504A009A123B /* MarkList */,
				E7528DEF29E2FAFB001169F0 /* Search */,
				E7528DE329E1D8FD001169F0 /* Headlines_Common */,
				E75C2F6529D9F68900FBC7B4 /* Manager */,
				E7528DEB29E29749001169F0 /* NewsTabBarViewController.swift */,
			);
			path = NewsRoom;
			sourceTree = "<group>";
		};
		E75C2F6229D9F58D00FBC7B4 /* APIResponse */ = {
			isa = PBXGroup;
			children = (
				E75C2F6329D9F65400FBC7B4 /* NewsAPIResponse.swift */,
			);
			path = APIResponse;
			sourceTree = "<group>";
		};
		E75C2F6529D9F68900FBC7B4 /* Manager */ = {
			isa = PBXGroup;
			children = (
				E75C2F6629D9F6B900FBC7B4 /* APIManager.swift */,
				E77865DA29DC344500F5ED1C /* NewsSettingManager.swift */,
			);
			path = Manager;
			sourceTree = "<group>";
		};
		E77EF8C72906A35600EE94E6 = {
			isa = PBXGroup;
			children = (
				3F7B63492B5A5D9E009BE0AF /* NewsWidgetExtension.entitlements */,
				E73EB5212933873F00D1F74C /* .gitignore */,
				E77EF8D22906A35600EE94E6 /* NewsApp */,
				3FE26AFF2B566A2A0006DC60 /* NewsWidget */,
				3FE26AFA2B566A2A0006DC60 /* Frameworks */,
				E77EF8D12906A35600EE94E6 /* Products */,
			);
			sourceTree = "<group>";
		};
		E77EF8D12906A35600EE94E6 /* Products */ = {
			isa = PBXGroup;
			children = (
				E77EF8D02906A35600EE94E6 /* NewsApp.app */,
				3FE26AF92B566A2A0006DC60 /* NewsWidgetExtension.appex */,
			);
			name = Products;
			sourceTree = "<group>";
		};
		E77EF8D22906A35600EE94E6 /* NewsApp */ = {
			isa = PBXGroup;
			children = (
				3FFC68202B68FC1200D4E6D4 /* Assets */,
				3F35225D2B1EF82900457346 /* Protobuf */,
				3FE5F01E2B0376FB0078D08F /* Protocal */,
				E75C2F6229D9F58D00FBC7B4 /* APIResponse */,
				E75C2F5929D9F44200FBC7B4 /* NewsRoom */,
				E73EB5202933838A00D1F74C /* Customer */,
				E75555C2292A97D200E35365 /* Extension */,
				E75555BF292A978C00E35365 /* Enum */,
				E75555C5292A98A200E35365 /* Manager */,
				E74B508229DB2F8000888EAC /* Storyboard */,
				E77EF8E92906AAAD00EE94E6 /* NewsApp.entitlements */,
				E77EF8D32906A35600EE94E6 /* AppDelegate.swift */,
				E77EF8D52906A35600EE94E6 /* SceneDelegate.swift */,
				E77EF8DC2906A35800EE94E6 /* Assets.xcassets */,
				E77EF8E12906A35800EE94E6 /* Info.plist */,
				3F6846952BB173B7008E410E /* GoogleService-Info.plist */,
				E7B3D9C12B2585AD0033EFF7 /* NewsSnapper.plist */,
				E7DDB4E9290A99B200AF3A4C /* TabbarColorClassifier1027.mlmodel */,
				3F3E88C32B201C9D00883A55 /* Localizable.strings */,
				3FCE30002BBB97F700F017D4 /* PrivacyInfo.xcprivacy */,
			);
			path = NewsApp;
			sourceTree = "<group>";
		};
/* End PBXGroup section */

/* Begin PBXNativeTarget section */
		3FE26AF82B566A2A0006DC60 /* NewsWidgetExtension */ = {
			isa = PBXNativeTarget;
			buildConfigurationList = 3FE26B0F2B566A2E0006DC60 /* Build configuration list for PBXNativeTarget "NewsWidgetExtension" */;
			buildPhases = (
				3FE26AF52B566A2A0006DC60 /* Sources */,
				3FE26AF62B566A2A0006DC60 /* Frameworks */,
				3FE26AF72B566A2A0006DC60 /* Resources */,
			);
			buildRules = (
			);
			dependencies = (
				3F747A632B5A4A7E00DC4B08 /* PBXTargetDependency */,
			);
			name = NewsWidgetExtension;
			packageProductDependencies = (
				3F747A642B5A4A8600DC4B08 /* RswiftLibrary */,
				3FEABCA72B6113320083CEE2 /* SwiftProtobuf */,
				3F07281A2B67898200489CB0 /* Kingfisher */,
			);
			productName = NewsWidgetExtension;
			productReference = 3FE26AF92B566A2A0006DC60 /* NewsWidgetExtension.appex */;
			productType = "com.apple.product-type.app-extension";
		};
		E77EF8CF2906A35600EE94E6 /* NewsApp */ = {
			isa = PBXNativeTarget;
			buildConfigurationList = E77EF8E42906A35800EE94E6 /* Build configuration list for PBXNativeTarget "NewsApp" */;
			buildPhases = (
				E77EF8CC2906A35600EE94E6 /* Sources */,
				E77EF8CD2906A35600EE94E6 /* Frameworks */,
				E77EF8CE2906A35600EE94E6 /* Resources */,
				3FE26B0C2B566A2E0006DC60 /* Embed Foundation Extensions */,
			);
			buildRules = (
			);
			dependencies = (
				3F2B69872B6357220037290A /* PBXTargetDependency */,
				3F3E88BC2B201A8100883A55 /* PBXTargetDependency */,
			);
			name = NewsApp;
			packageProductDependencies = (
				E7061D0729DB6A6800405544 /* Kingfisher */,
				3F079C012B172C820076DA20 /* NVActivityIndicatorView */,
				3F079C032B172C820076DA20 /* NVActivityIndicatorViewExtended */,
				3FF491212B1864B300CB4B5D /* FLEX */,
				3FF0BF9A2B19B6AF00FC84D1 /* Toast */,
				3F3522572B1EF7FD00457346 /* SwiftProtobuf */,
				3F3522592B1EF7FD00457346 /* SwiftProtobufPluginLibrary */,
				3F35225B2B1EF7FD00457346 /* protoc-gen-swift */,
				3F3E88B72B2019F700883A55 /* RswiftLibrary */,
				3FF12DD52BC3ED8D001CDFD5 /* FirebaseCrashlytics */,
				3FF12DD72BC3ED96001CDFD5 /* FirebaseMessaging */,
			);
			productName = ColorBarTesting;
			productReference = E77EF8D02906A35600EE94E6 /* NewsApp.app */;
			productType = "com.apple.product-type.application";
		};
/* End PBXNativeTarget section */

/* Begin PBXProject section */
		E77EF8C82906A35600EE94E6 /* Project object */ = {
			isa = PBXProject;
			attributes = {
				BuildIndependentTargetsInParallel = 1;
				LastSwiftUpdateCheck = 1510;
				LastUpgradeCheck = 1400;
				TargetAttributes = {
					3FE26AF82B566A2A0006DC60 = {
						CreatedOnToolsVersion = 15.1;
					};
					E77EF8CF2906A35600EE94E6 = {
						CreatedOnToolsVersion = 14.0.1;
					};
				};
			};
			buildConfigurationList = E77EF8CB2906A35600EE94E6 /* Build configuration list for PBXProject "NewsApp" */;
			compatibilityVersion = "Xcode 14.0";
			developmentRegion = en;
			hasScannedForEncodings = 0;
			knownRegions = (
				en,
				Base,
				"zh-Hant",
				ja,
			);
			mainGroup = E77EF8C72906A35600EE94E6;
			packageReferences = (
				E7061D0629DB6A6800405544 /* XCRemoteSwiftPackageReference "Kingfisher" */,
				3F079C002B172C810076DA20 /* XCRemoteSwiftPackageReference "NVActivityIndicatorView" */,
				3FF491202B1864B300CB4B5D /* XCRemoteSwiftPackageReference "FLEX" */,
				3FF0BF992B19B6AF00FC84D1 /* XCRemoteSwiftPackageReference "Toast-Swift" */,
				3F3522562B1EF7FD00457346 /* XCRemoteSwiftPackageReference "swift-protobuf" */,
				3F3E88B62B2019F700883A55 /* XCRemoteSwiftPackageReference "R" */,
				3F6846992BB17533008E410E /* XCRemoteSwiftPackageReference "firebase-ios-sdk" */,
			);
			productRefGroup = E77EF8D12906A35600EE94E6 /* Products */;
			projectDirPath = "";
			projectRoot = "";
			targets = (
				E77EF8CF2906A35600EE94E6 /* NewsApp */,
				3FE26AF82B566A2A0006DC60 /* NewsWidgetExtension */,
			);
		};
/* End PBXProject section */

/* Begin PBXResourcesBuildPhase section */
		3FE26AF72B566A2A0006DC60 /* Resources */ = {
			isa = PBXResourcesBuildPhase;
			buildActionMask = 2147483647;
			files = (
				3FE26B072B566A2D0006DC60 /* Assets.xcassets in Resources */,
				3FDB99EE2B57BF880022B0D9 /* Localizable.strings in Resources */,
				3F6846982BB173B7008E410E /* GoogleService-Info.plist in Resources */,
			);
			runOnlyForDeploymentPostprocessing = 0;
		};
		E77EF8CE2906A35600EE94E6 /* Resources */ = {
			isa = PBXResourcesBuildPhase;
			buildActionMask = 2147483647;
			files = (
				3F4C519C2BC5124700169160 /* NewsContentImageCell.xib in Resources */,
				E73EB5222933873F00D1F74C /* .gitignore in Resources */,
				3FCE30012BBB97F700F017D4 /* PrivacyInfo.xcprivacy in Resources */,
				E77EF8E02906A35800EE94E6 /* LaunchScreen.storyboard in Resources */,
				E7CF424129DB317D006F41C2 /* NewsCell.xib in Resources */,
				E76A86E529DD9F39008B781F /* ClassifyCollectionViewCell.xib in Resources */,
				E77EF8DD2906A35800EE94E6 /* Assets.xcassets in Resources */,
				3F288BD22B69F6350080D7FC /* GuideStepGif.bundle in Resources */,
				3F3E88C12B201C9D00883A55 /* Localizable.strings in Resources */,
				3F6846962BB173B7008E410E /* GoogleService-Info.plist in Resources */,
				E7528DE829E1DCD6001169F0 /* NewsContent.storyboard in Resources */,
				E77EF8DB2906A35600EE94E6 /* Main.storyboard in Resources */,
			);
			runOnlyForDeploymentPostprocessing = 0;
		};
/* End PBXResourcesBuildPhase section */

/* Begin PBXShellScriptBuildPhase section */
		3F2FCEF42BB65DBD00227ABF /* ShellScript */ = {
			isa = PBXShellScriptBuildPhase;
			buildActionMask = 2147483647;
			files = (
			);
			inputFileListPaths = (
			);
			inputPaths = (
				"${DWARF_DSYM_FOLDER_PATH}/${DWARF_DSYM_FILE_NAME}/Contents/Resources/DWARF/${TARGET_NAME}",
				"$(SRCROOT)/$(BUILT_PRODUCTS_DIR)/$(INFOPLIST_PATH)",
			);
			outputFileListPaths = (
			);
			outputPaths = (
			);
			runOnlyForDeploymentPostprocessing = 0;
			shellPath = /bin/sh;
			shellScript = "\"${BUILD_DIR%/Build/*}/SourcePackages/checkouts/firebase-ios-sdk/Crashlytics/run\"\n";
		};
/* End PBXShellScriptBuildPhase section */

/* Begin PBXSourcesBuildPhase section */
		3FE26AF52B566A2A0006DC60 /* Sources */ = {
			isa = PBXSourcesBuildPhase;
			buildActionMask = 2147483647;
			files = (
				3FEFAFC82B6206F9000E3C08 /* UserDefaultsExtension.swift in Sources */,
				3F2B69912B6394670037290A /* NewsEntry.swift in Sources */,
				3FF0CD572B6B7887005A0DE6 /* LinkUrlEnum.swift in Sources */,
				3F2B698D2B6393E60037290A /* NewsWidgetIntent.swift in Sources */,
				3F7B63482B5A5CB5009BE0AF /* APIDomainEnum.swift in Sources */,
				3F7B634C2B5A61CE009BE0AF /* UserDefaultsKeyEnum.swift in Sources */,
				3F7B63472B5A5C8E009BE0AF /* WidgetAPIManager.swift in Sources */,
				3FE26B052B566A2A0006DC60 /* NewsWidget.swift in Sources */,
				3F2B69952B6394DB0037290A /* NewsWidgetProvider.swift in Sources */,
				3FE26B012B566A2A0006DC60 /* NewsWidgetBundle.swift in Sources */,
				3FE26B032B566A2A0006DC60 /* NewsWidgetLiveActivity.swift in Sources */,
				3F7B634D2B5A62C5009BE0AF /* ArticlesTotalProtobuf.pb.swift in Sources */,
				3F747A6C2B5A4B2400DC4B08 /* NewsAPIResponse.swift in Sources */,
				3FDB2DCC2B5A490000AFF4CA /* NewsAPIEnum.swift in Sources */,
			);
			runOnlyForDeploymentPostprocessing = 0;
		};
		E77EF8CC2906A35600EE94E6 /* Sources */ = {
			isa = PBXSourcesBuildPhase;
			buildActionMask = 2147483647;
			files = (
				3F35225F2B1EF83B00457346 /* ArticlesTotalProtobuf.pb.swift in Sources */,
				E75555C1292A97B400E35365 /* FileType.swift in Sources */,
				E7528DEA29E28C9B001169F0 /* SearchContentViewController.swift in Sources */,
				3FB6167F2BB69867006D28BF /* SettingNotificationViewController.swift in Sources */,
				3FB3768E2B55203C006CEDFD /* UIView+Animate.swift in Sources */,
				3FCE30082BBBFF7F00F017D4 /* UIApplicationExtension.swift in Sources */,
				E75555C4292A980300E35365 /* UrlExtention.swift in Sources */,
				3F079BFF2B16E4AF0076DA20 /* APIDomainEnum.swift in Sources */,
				E77865DB29DC344500F5ED1C /* NewsSettingManager.swift in Sources */,
				3FE5F01D2B0370B70078D08F /* UIViewController+TableViewPreview.swift in Sources */,
				E73EB51E2933627E00D1F74C /* MLModelManager.swift in Sources */,
				E7061D0C29DC240800405544 /* NewsAPIEnum.swift in Sources */,
				E7F38BF429E0F570003E7E6F /* CustomVIew.swift in Sources */,
				E706448629EACBF6009F8C64 /* UserDefaultsExtension.swift in Sources */,
				E75C2F6429D9F65400FBC7B4 /* NewsAPIResponse.swift in Sources */,
				E74A0AE929DF188E00585387 /* HeadlinesPageViewController.swift in Sources */,
				3FFC68192B68DAE800D4E6D4 /* UIViewController+SwiftUI.swift in Sources */,
				3FEE017C2B33CB0000FE327F /* Utils.swift in Sources */,
				E774013A29E5C2A40052C577 /* UIButtonExtension.swift in Sources */,
				E77EF8D42906A35600EE94E6 /* AppDelegate.swift in Sources */,
				E7061D0A29DB78F100405544 /* WebViewViewController.swift in Sources */,
				3FF0BF9D2B19B91E00FC84D1 /* PrintExtension.swift in Sources */,
				3FEC37E42B22F3E200BAFD84 /* SettingBlockedSourceViewController.swift in Sources */,
				E74A0AEB29DF18CC00585387 /* HeadlinesTableViewController.swift in Sources */,
				3FFC50BA2B67515300D7CEE9 /* SceneDelegateExtension.swift in Sources */,
				3FF497682B01B21F007DA1DB /* SettingTableViewController.swift in Sources */,
				3FE5F0202B0377340078D08F /* NewsTableViewProtocal.swift in Sources */,
				E77EF8D62906A35600EE94E6 /* SceneDelegate.swift in Sources */,
				E76A86E429DD9F39008B781F /* ClassifyCollectionViewCell.swift in Sources */,
				E7CF424329DB48ED006F41C2 /* NewsCell.swift in Sources */,
				E71ED276292696FF00A39F3C /* LocalFileManager.swift in Sources */,
				E77865DD29DC4CBA00F5ED1C /* HeadlinesSettingViewController.swift in Sources */,
				E7528DEE29E2EDD8001169F0 /* SearchSettingViewController.swift in Sources */,
				E7528DEC29E29749001169F0 /* NewsTabBarViewController.swift in Sources */,
				3FD5D0F12B04909400DF02B5 /* ModelEnum.swift in Sources */,
				3FD2630B2B26F35400F5E962 /* UIViewController+Icloud.swift in Sources */,
				3FFC50BE2B67525100D7CEE9 /* UrlHandleTypeEnum.swift in Sources */,
				E75C2F6729D9F6B900FBC7B4 /* APIManager.swift in Sources */,
				E75C2F6129D9F51D00FBC7B4 /* SearchNewsViewController.swift in Sources */,
				E706448929EACCAC009F8C64 /* UserDefaultsKeyEnum.swift in Sources */,
				E75654A229EC506C009A123B /* MarkListViewController.swift in Sources */,
				E75B1BAB2933544D004CA82C /* ZoomImageView.swift in Sources */,
				E75C2F5F29D9F51000FBC7B4 /* ClassifyHeadlineViewController.swift in Sources */,
			);
			runOnlyForDeploymentPostprocessing = 0;
		};
/* End PBXSourcesBuildPhase section */

/* Begin PBXTargetDependency section */
		3F2B69872B6357220037290A /* PBXTargetDependency */ = {
			isa = PBXTargetDependency;
			target = 3FE26AF82B566A2A0006DC60 /* NewsWidgetExtension */;
			targetProxy = 3F2B69862B6357220037290A /* PBXContainerItemProxy */;
		};
		3F3E88BC2B201A8100883A55 /* PBXTargetDependency */ = {
			isa = PBXTargetDependency;
			productRef = 3F3E88BB2B201A8100883A55 /* RswiftGenerateInternalResources */;
		};
		3F747A632B5A4A7E00DC4B08 /* PBXTargetDependency */ = {
			isa = PBXTargetDependency;
			productRef = 3F747A622B5A4A7E00DC4B08 /* RswiftGenerateInternalResources */;
		};
/* End PBXTargetDependency section */

/* Begin PBXVariantGroup section */
		3F3E88C32B201C9D00883A55 /* Localizable.strings */ = {
			isa = PBXVariantGroup;
			children = (
				3F3E88C22B201C9D00883A55 /* en */,
				3F3E88C72B201CC300883A55 /* zh-Hant */,
				3F3E88D12B205AA400883A55 /* ja */,
			);
			name = Localizable.strings;
			sourceTree = "<group>";
		};
		E7528DE629E1DCD6001169F0 /* NewsContent.storyboard */ = {
			isa = PBXVariantGroup;
			children = (
				E7528DE729E1DCD6001169F0 /* Base */,
				3F3E88C42B201CC200883A55 /* zh-Hant */,
				3F3E88C92B201CCD00883A55 /* en */,
				3F3E88CE2B205AA300883A55 /* ja */,
			);
			name = NewsContent.storyboard;
			sourceTree = "<group>";
		};
		E77EF8D92906A35600EE94E6 /* Main.storyboard */ = {
			isa = PBXVariantGroup;
			children = (
				E77EF8DA2906A35600EE94E6 /* Base */,
				3F3E88C52B201CC300883A55 /* zh-Hant */,
				3F3E88CB2B201CCF00883A55 /* en */,
				3F3E88CF2B205AA300883A55 /* ja */,
			);
			name = Main.storyboard;
			sourceTree = "<group>";
		};
		E77EF8DE2906A35800EE94E6 /* LaunchScreen.storyboard */ = {
			isa = PBXVariantGroup;
			children = (
				E77EF8DF2906A35800EE94E6 /* Base */,
				3F3E88C62B201CC300883A55 /* zh-Hant */,
				3F3E88CD2B201CD300883A55 /* en */,
				3F3E88D02B205AA400883A55 /* ja */,
			);
			name = LaunchScreen.storyboard;
			sourceTree = "<group>";
		};
/* End PBXVariantGroup section */

/* Begin XCBuildConfiguration section */
		3FE26B0D2B566A2E0006DC60 /* Debug */ = {
			isa = XCBuildConfiguration;
			buildSettings = {
				ASSETCATALOG_COMPILER_GENERATE_SWIFT_ASSET_SYMBOL_EXTENSIONS = YES;
				ASSETCATALOG_COMPILER_GLOBAL_ACCENT_COLOR_NAME = AccentColor;
				ASSETCATALOG_COMPILER_WIDGET_BACKGROUND_COLOR_NAME = WidgetBackground;
				CODE_SIGN_ENTITLEMENTS = NewsWidgetExtension.entitlements;
				CODE_SIGN_IDENTITY = "Apple Development";
				CODE_SIGN_STYLE = Automatic;
				CURRENT_PROJECT_VERSION = 1;
				DEVELOPMENT_TEAM = KA7XQAFX2W;
				ENABLE_USER_SCRIPT_SANDBOXING = YES;
				GCC_C_LANGUAGE_STANDARD = gnu17;
				GENERATE_INFOPLIST_FILE = YES;
				INFOPLIST_FILE = NewsWidget/Info.plist;
				INFOPLIST_KEY_CFBundleDisplayName = NewsWidget;
				INFOPLIST_KEY_NSHumanReadableCopyright = "";
				IPHONEOS_DEPLOYMENT_TARGET = 17.2;
				LD_RUNPATH_SEARCH_PATHS = (
					"$(inherited)",
					"@executable_path/Frameworks",
					"@executable_path/../../Frameworks",
				);
				LOCALIZATION_PREFERS_STRING_CATALOGS = YES;
				MARKETING_VERSION = 1.0;
				PRODUCT_BUNDLE_IDENTIFIER = ZW.NewsApp.NewsWidget;
				PRODUCT_NAME = "$(TARGET_NAME)";
				SKIP_INSTALL = YES;
				SWIFT_ACTIVE_COMPILATION_CONDITIONS = "DEBUG $(inherited)";
				SWIFT_EMIT_LOC_STRINGS = YES;
				SWIFT_VERSION = 5.0;
				TARGETED_DEVICE_FAMILY = "1,2";
			};
			name = Debug;
		};
		3FE26B0E2B566A2E0006DC60 /* Release */ = {
			isa = XCBuildConfiguration;
			buildSettings = {
				ASSETCATALOG_COMPILER_GENERATE_SWIFT_ASSET_SYMBOL_EXTENSIONS = YES;
				ASSETCATALOG_COMPILER_GLOBAL_ACCENT_COLOR_NAME = AccentColor;
				ASSETCATALOG_COMPILER_WIDGET_BACKGROUND_COLOR_NAME = WidgetBackground;
				CODE_SIGN_ENTITLEMENTS = NewsWidgetExtension.entitlements;
				CODE_SIGN_IDENTITY = "Apple Development";
				CODE_SIGN_STYLE = Automatic;
				CURRENT_PROJECT_VERSION = 1;
				DEVELOPMENT_TEAM = KA7XQAFX2W;
				ENABLE_USER_SCRIPT_SANDBOXING = YES;
				GCC_C_LANGUAGE_STANDARD = gnu17;
				GENERATE_INFOPLIST_FILE = YES;
				INFOPLIST_FILE = NewsWidget/Info.plist;
				INFOPLIST_KEY_CFBundleDisplayName = NewsWidget;
				INFOPLIST_KEY_NSHumanReadableCopyright = "";
				IPHONEOS_DEPLOYMENT_TARGET = 17.2;
				LD_RUNPATH_SEARCH_PATHS = (
					"$(inherited)",
					"@executable_path/Frameworks",
					"@executable_path/../../Frameworks",
				);
				LOCALIZATION_PREFERS_STRING_CATALOGS = YES;
				MARKETING_VERSION = 1.0;
				PRODUCT_BUNDLE_IDENTIFIER = ZW.NewsApp.NewsWidget;
				PRODUCT_NAME = "$(TARGET_NAME)";
				SKIP_INSTALL = YES;
				SWIFT_EMIT_LOC_STRINGS = YES;
				SWIFT_VERSION = 5.0;
				TARGETED_DEVICE_FAMILY = "1,2";
			};
			name = Release;
		};
		E77EF8E22906A35800EE94E6 /* Debug */ = {
			isa = XCBuildConfiguration;
			buildSettings = {
				ALWAYS_SEARCH_USER_PATHS = NO;
				CLANG_ANALYZER_LOCALIZABILITY_NONLOCALIZED = YES;
				CLANG_ANALYZER_NONNULL = YES;
				CLANG_ANALYZER_NUMBER_OBJECT_CONVERSION = YES_AGGRESSIVE;
				CLANG_CXX_LANGUAGE_STANDARD = "gnu++20";
				CLANG_ENABLE_MODULES = YES;
				CLANG_ENABLE_OBJC_ARC = YES;
				CLANG_ENABLE_OBJC_WEAK = YES;
				CLANG_WARN_BLOCK_CAPTURE_AUTORELEASING = YES;
				CLANG_WARN_BOOL_CONVERSION = YES;
				CLANG_WARN_COMMA = YES;
				CLANG_WARN_CONSTANT_CONVERSION = YES;
				CLANG_WARN_DEPRECATED_OBJC_IMPLEMENTATIONS = YES;
				CLANG_WARN_DIRECT_OBJC_ISA_USAGE = YES_ERROR;
				CLANG_WARN_DOCUMENTATION_COMMENTS = YES;
				CLANG_WARN_EMPTY_BODY = YES;
				CLANG_WARN_ENUM_CONVERSION = YES;
				CLANG_WARN_INFINITE_RECURSION = YES;
				CLANG_WARN_INT_CONVERSION = YES;
				CLANG_WARN_NON_LITERAL_NULL_CONVERSION = YES;
				CLANG_WARN_OBJC_IMPLICIT_RETAIN_SELF = YES;
				CLANG_WARN_OBJC_LITERAL_CONVERSION = YES;
				CLANG_WARN_OBJC_ROOT_CLASS = YES_ERROR;
				CLANG_WARN_QUOTED_INCLUDE_IN_FRAMEWORK_HEADER = YES;
				CLANG_WARN_RANGE_LOOP_ANALYSIS = YES;
				CLANG_WARN_STRICT_PROTOTYPES = YES;
				CLANG_WARN_SUSPICIOUS_MOVE = YES;
				CLANG_WARN_UNGUARDED_AVAILABILITY = YES_AGGRESSIVE;
				CLANG_WARN_UNREACHABLE_CODE = YES;
				CLANG_WARN__DUPLICATE_METHOD_MATCH = YES;
				COPY_PHASE_STRIP = NO;
				DEBUG_INFORMATION_FORMAT = dwarf;
				ENABLE_STRICT_OBJC_MSGSEND = YES;
				ENABLE_TESTABILITY = YES;
				GCC_C_LANGUAGE_STANDARD = gnu11;
				GCC_DYNAMIC_NO_PIC = NO;
				GCC_NO_COMMON_BLOCKS = YES;
				GCC_OPTIMIZATION_LEVEL = 0;
				GCC_PREPROCESSOR_DEFINITIONS = (
					"DEBUG=1",
					"$(inherited)",
				);
				GCC_WARN_64_TO_32_BIT_CONVERSION = YES;
				GCC_WARN_ABOUT_RETURN_TYPE = YES_ERROR;
				GCC_WARN_UNDECLARED_SELECTOR = YES;
				GCC_WARN_UNINITIALIZED_AUTOS = YES_AGGRESSIVE;
				GCC_WARN_UNUSED_FUNCTION = YES;
				GCC_WARN_UNUSED_VARIABLE = YES;
				IPHONEOS_DEPLOYMENT_TARGET = 17.0;
				MTL_ENABLE_DEBUG_INFO = INCLUDE_SOURCE;
				MTL_FAST_MATH = YES;
				ONLY_ACTIVE_ARCH = YES;
				SDKROOT = iphoneos;
				SWIFT_ACTIVE_COMPILATION_CONDITIONS = DEBUG;
				SWIFT_OPTIMIZATION_LEVEL = "-Onone";
			};
			name = Debug;
		};
		E77EF8E32906A35800EE94E6 /* Release */ = {
			isa = XCBuildConfiguration;
			buildSettings = {
				ALWAYS_SEARCH_USER_PATHS = NO;
				CLANG_ANALYZER_LOCALIZABILITY_NONLOCALIZED = YES;
				CLANG_ANALYZER_NONNULL = YES;
				CLANG_ANALYZER_NUMBER_OBJECT_CONVERSION = YES_AGGRESSIVE;
				CLANG_CXX_LANGUAGE_STANDARD = "gnu++20";
				CLANG_ENABLE_MODULES = YES;
				CLANG_ENABLE_OBJC_ARC = YES;
				CLANG_ENABLE_OBJC_WEAK = YES;
				CLANG_WARN_BLOCK_CAPTURE_AUTORELEASING = YES;
				CLANG_WARN_BOOL_CONVERSION = YES;
				CLANG_WARN_COMMA = YES;
				CLANG_WARN_CONSTANT_CONVERSION = YES;
				CLANG_WARN_DEPRECATED_OBJC_IMPLEMENTATIONS = YES;
				CLANG_WARN_DIRECT_OBJC_ISA_USAGE = YES_ERROR;
				CLANG_WARN_DOCUMENTATION_COMMENTS = YES;
				CLANG_WARN_EMPTY_BODY = YES;
				CLANG_WARN_ENUM_CONVERSION = YES;
				CLANG_WARN_INFINITE_RECURSION = YES;
				CLANG_WARN_INT_CONVERSION = YES;
				CLANG_WARN_NON_LITERAL_NULL_CONVERSION = YES;
				CLANG_WARN_OBJC_IMPLICIT_RETAIN_SELF = YES;
				CLANG_WARN_OBJC_LITERAL_CONVERSION = YES;
				CLANG_WARN_OBJC_ROOT_CLASS = YES_ERROR;
				CLANG_WARN_QUOTED_INCLUDE_IN_FRAMEWORK_HEADER = YES;
				CLANG_WARN_RANGE_LOOP_ANALYSIS = YES;
				CLANG_WARN_STRICT_PROTOTYPES = YES;
				CLANG_WARN_SUSPICIOUS_MOVE = YES;
				CLANG_WARN_UNGUARDED_AVAILABILITY = YES_AGGRESSIVE;
				CLANG_WARN_UNREACHABLE_CODE = YES;
				CLANG_WARN__DUPLICATE_METHOD_MATCH = YES;
				COPY_PHASE_STRIP = NO;
				DEBUG_INFORMATION_FORMAT = "dwarf-with-dsym";
				ENABLE_NS_ASSERTIONS = NO;
				ENABLE_STRICT_OBJC_MSGSEND = YES;
				GCC_C_LANGUAGE_STANDARD = gnu11;
				GCC_NO_COMMON_BLOCKS = YES;
				GCC_WARN_64_TO_32_BIT_CONVERSION = YES;
				GCC_WARN_ABOUT_RETURN_TYPE = YES_ERROR;
				GCC_WARN_UNDECLARED_SELECTOR = YES;
				GCC_WARN_UNINITIALIZED_AUTOS = YES_AGGRESSIVE;
				GCC_WARN_UNUSED_FUNCTION = YES;
				GCC_WARN_UNUSED_VARIABLE = YES;
				IPHONEOS_DEPLOYMENT_TARGET = 17.0;
				MTL_ENABLE_DEBUG_INFO = NO;
				MTL_FAST_MATH = YES;
				SDKROOT = iphoneos;
				SWIFT_COMPILATION_MODE = wholemodule;
				SWIFT_OPTIMIZATION_LEVEL = "-O";
				VALIDATE_PRODUCT = YES;
			};
			name = Release;
		};
		E77EF8E52906A35800EE94E6 /* Debug */ = {
			isa = XCBuildConfiguration;
			buildSettings = {
				ALWAYS_EMBED_SWIFT_STANDARD_LIBRARIES = YES;
				ASSETCATALOG_COMPILER_APPICON_NAME = AppIcon;
				ASSETCATALOG_COMPILER_GLOBAL_ACCENT_COLOR_NAME = AccentColor;
				CODE_SIGN_ENTITLEMENTS = NewsApp/NewsApp.entitlements;
				CODE_SIGN_IDENTITY = "Apple Development";
				CODE_SIGN_STYLE = Automatic;
				CURRENT_PROJECT_VERSION = 1;
				DEVELOPMENT_TEAM = KA7XQAFX2W;
				EXCLUDED_ARCHS = "";
				GENERATE_INFOPLIST_FILE = YES;
				INFOPLIST_FILE = NewsApp/Info.plist;
				INFOPLIST_KEY_NSPhotoLibraryUsageDescription = "";
				INFOPLIST_KEY_UIApplicationSupportsIndirectInputEvents = YES;
				INFOPLIST_KEY_UILaunchStoryboardName = LaunchScreen;
				INFOPLIST_KEY_UIMainStoryboardFile = Main;
				INFOPLIST_KEY_UISupportedInterfaceOrientations = UIInterfaceOrientationPortrait;
				IPHONEOS_DEPLOYMENT_TARGET = 17.2;
				LD_RUNPATH_SEARCH_PATHS = (
					"$(inherited)",
					"@executable_path/Frameworks",
				);
				MARKETING_VERSION = 1.0;
				PRODUCT_BUNDLE_IDENTIFIER = ZW.NewsApp;
				PRODUCT_NAME = "$(TARGET_NAME)";
				PROVISIONING_PROFILE_SPECIFIER = "";
				SWIFT_EMIT_LOC_STRINGS = YES;
				SWIFT_VERSION = 5.0;
				TARGETED_DEVICE_FAMILY = "1,2";
			};
			name = Debug;
		};
		E77EF8E62906A35800EE94E6 /* Release */ = {
			isa = XCBuildConfiguration;
			buildSettings = {
				ALWAYS_EMBED_SWIFT_STANDARD_LIBRARIES = YES;
				ASSETCATALOG_COMPILER_APPICON_NAME = AppIcon;
				ASSETCATALOG_COMPILER_GLOBAL_ACCENT_COLOR_NAME = AccentColor;
				CODE_SIGN_ENTITLEMENTS = NewsApp/NewsApp.entitlements;
				CODE_SIGN_IDENTITY = "Apple Development";
				CODE_SIGN_STYLE = Automatic;
				CURRENT_PROJECT_VERSION = 1;
				DEVELOPMENT_TEAM = KA7XQAFX2W;
				EXCLUDED_ARCHS = "";
				GENERATE_INFOPLIST_FILE = YES;
				INFOPLIST_FILE = NewsApp/Info.plist;
				INFOPLIST_KEY_NSPhotoLibraryUsageDescription = "";
				INFOPLIST_KEY_UIApplicationSupportsIndirectInputEvents = YES;
				INFOPLIST_KEY_UILaunchStoryboardName = LaunchScreen;
				INFOPLIST_KEY_UIMainStoryboardFile = Main;
				INFOPLIST_KEY_UISupportedInterfaceOrientations = UIInterfaceOrientationPortrait;
				IPHONEOS_DEPLOYMENT_TARGET = 17.2;
				LD_RUNPATH_SEARCH_PATHS = (
					"$(inherited)",
					"@executable_path/Frameworks",
				);
				MARKETING_VERSION = 1.0;
				PRODUCT_BUNDLE_IDENTIFIER = ZW.NewsApp;
				PRODUCT_NAME = "$(TARGET_NAME)";
				PROVISIONING_PROFILE_SPECIFIER = "";
				SWIFT_EMIT_LOC_STRINGS = YES;
				SWIFT_VERSION = 5.0;
				TARGETED_DEVICE_FAMILY = "1,2";
			};
			name = Release;
		};
/* End XCBuildConfiguration section */

/* Begin XCConfigurationList section */
		3FE26B0F2B566A2E0006DC60 /* Build configuration list for PBXNativeTarget "NewsWidgetExtension" */ = {
			isa = XCConfigurationList;
			buildConfigurations = (
				3FE26B0D2B566A2E0006DC60 /* Debug */,
				3FE26B0E2B566A2E0006DC60 /* Release */,
			);
			defaultConfigurationIsVisible = 0;
			defaultConfigurationName = Release;
		};
		E77EF8CB2906A35600EE94E6 /* Build configuration list for PBXProject "NewsApp" */ = {
			isa = XCConfigurationList;
			buildConfigurations = (
				E77EF8E22906A35800EE94E6 /* Debug */,
				E77EF8E32906A35800EE94E6 /* Release */,
			);
			defaultConfigurationIsVisible = 0;
			defaultConfigurationName = Release;
		};
		E77EF8E42906A35800EE94E6 /* Build configuration list for PBXNativeTarget "NewsApp" */ = {
			isa = XCConfigurationList;
			buildConfigurations = (
				E77EF8E52906A35800EE94E6 /* Debug */,
				E77EF8E62906A35800EE94E6 /* Release */,
			);
			defaultConfigurationIsVisible = 0;
			defaultConfigurationName = Release;
		};
/* End XCConfigurationList section */

/* Begin XCRemoteSwiftPackageReference section */
		3F079C002B172C810076DA20 /* XCRemoteSwiftPackageReference "NVActivityIndicatorView" */ = {
			isa = XCRemoteSwiftPackageReference;
			repositoryURL = "https://github.com/ninjaprox/NVActivityIndicatorView.git";
			requirement = {
				kind = upToNextMajorVersion;
				minimumVersion = 5.1.1;
			};
		};
		3F3522562B1EF7FD00457346 /* XCRemoteSwiftPackageReference "swift-protobuf" */ = {
			isa = XCRemoteSwiftPackageReference;
			repositoryURL = "https://github.com/apple/swift-protobuf.git";
			requirement = {
				kind = upToNextMajorVersion;
				minimumVersion = 1.25.2;
			};
		};
		3F3E88B62B2019F700883A55 /* XCRemoteSwiftPackageReference "R" */ = {
			isa = XCRemoteSwiftPackageReference;
			repositoryURL = "https://github.com/mac-cain13/R.swift";
			requirement = {
				kind = upToNextMajorVersion;
				minimumVersion = 7.4.0;
			};
		};
		3F6846992BB17533008E410E /* XCRemoteSwiftPackageReference "firebase-ios-sdk" */ = {
			isa = XCRemoteSwiftPackageReference;
			repositoryURL = "https://github.com/firebase/firebase-ios-sdk";
			requirement = {
				kind = upToNextMajorVersion;
				minimumVersion = 10.23.0;
			};
		};
		3FF0BF992B19B6AF00FC84D1 /* XCRemoteSwiftPackageReference "Toast-Swift" */ = {
			isa = XCRemoteSwiftPackageReference;
			repositoryURL = "https://github.com/scalessec/Toast-Swift";
			requirement = {
				kind = upToNextMajorVersion;
				minimumVersion = 5.0.1;
			};
		};
		3FF491202B1864B300CB4B5D /* XCRemoteSwiftPackageReference "FLEX" */ = {
			isa = XCRemoteSwiftPackageReference;
			repositoryURL = "https://github.com/FLEXTool/FLEX";
			requirement = {
				kind = upToNextMajorVersion;
				minimumVersion = 5.22.10;
			};
		};
		E7061D0629DB6A6800405544 /* XCRemoteSwiftPackageReference "Kingfisher" */ = {
			isa = XCRemoteSwiftPackageReference;
			repositoryURL = "https://github.com/onevcat/Kingfisher.git";
			requirement = {
				kind = upToNextMajorVersion;
				minimumVersion = 7.0.0;
			};
		};
/* End XCRemoteSwiftPackageReference section */

/* Begin XCSwiftPackageProductDependency section */
		3F07281A2B67898200489CB0 /* Kingfisher */ = {
			isa = XCSwiftPackageProductDependency;
			package = E7061D0629DB6A6800405544 /* XCRemoteSwiftPackageReference "Kingfisher" */;
			productName = Kingfisher;
		};
		3F079C012B172C820076DA20 /* NVActivityIndicatorView */ = {
			isa = XCSwiftPackageProductDependency;
			package = 3F079C002B172C810076DA20 /* XCRemoteSwiftPackageReference "NVActivityIndicatorView" */;
			productName = NVActivityIndicatorView;
		};
		3F079C032B172C820076DA20 /* NVActivityIndicatorViewExtended */ = {
			isa = XCSwiftPackageProductDependency;
			package = 3F079C002B172C810076DA20 /* XCRemoteSwiftPackageReference "NVActivityIndicatorView" */;
			productName = NVActivityIndicatorViewExtended;
		};
		3F3522572B1EF7FD00457346 /* SwiftProtobuf */ = {
			isa = XCSwiftPackageProductDependency;
			package = 3F3522562B1EF7FD00457346 /* XCRemoteSwiftPackageReference "swift-protobuf" */;
			productName = SwiftProtobuf;
		};
		3F3522592B1EF7FD00457346 /* SwiftProtobufPluginLibrary */ = {
			isa = XCSwiftPackageProductDependency;
			package = 3F3522562B1EF7FD00457346 /* XCRemoteSwiftPackageReference "swift-protobuf" */;
			productName = SwiftProtobufPluginLibrary;
		};
		3F35225B2B1EF7FD00457346 /* protoc-gen-swift */ = {
			isa = XCSwiftPackageProductDependency;
			package = 3F3522562B1EF7FD00457346 /* XCRemoteSwiftPackageReference "swift-protobuf" */;
			productName = "protoc-gen-swift";
		};
		3F3E88B72B2019F700883A55 /* RswiftLibrary */ = {
			isa = XCSwiftPackageProductDependency;
			package = 3F3E88B62B2019F700883A55 /* XCRemoteSwiftPackageReference "R" */;
			productName = RswiftLibrary;
		};
		3F3E88B92B2019F700883A55 /* rswift */ = {
			isa = XCSwiftPackageProductDependency;
			package = 3F3E88B62B2019F700883A55 /* XCRemoteSwiftPackageReference "R" */;
			productName = rswift;
		};
		3F3E88BB2B201A8100883A55 /* RswiftGenerateInternalResources */ = {
			isa = XCSwiftPackageProductDependency;
			productName = "plugin:RswiftGenerateInternalResources";
		};
		3F747A622B5A4A7E00DC4B08 /* RswiftGenerateInternalResources */ = {
			isa = XCSwiftPackageProductDependency;
			productName = "plugin:RswiftGenerateInternalResources";
		};
		3F747A642B5A4A8600DC4B08 /* RswiftLibrary */ = {
			isa = XCSwiftPackageProductDependency;
			package = 3F3E88B62B2019F700883A55 /* XCRemoteSwiftPackageReference "R" */;
			productName = RswiftLibrary;
		};
		3FEABCA72B6113320083CEE2 /* SwiftProtobuf */ = {
			isa = XCSwiftPackageProductDependency;
			package = 3F3522562B1EF7FD00457346 /* XCRemoteSwiftPackageReference "swift-protobuf" */;
			productName = SwiftProtobuf;
		};
		3FF0BF9A2B19B6AF00FC84D1 /* Toast */ = {
			isa = XCSwiftPackageProductDependency;
			package = 3FF0BF992B19B6AF00FC84D1 /* XCRemoteSwiftPackageReference "Toast-Swift" */;
			productName = Toast;
		};
		3FF12DCF2BC3EB43001CDFD5 /* FirebaseCrashlytics */ = {
			isa = XCSwiftPackageProductDependency;
			package = 3F6846992BB17533008E410E /* XCRemoteSwiftPackageReference "firebase-ios-sdk" */;
			productName = FirebaseCrashlytics;
		};
		3FF12DD12BC3EB63001CDFD5 /* FirebaseMessaging */ = {
			isa = XCSwiftPackageProductDependency;
			package = 3F6846992BB17533008E410E /* XCRemoteSwiftPackageReference "firebase-ios-sdk" */;
			productName = FirebaseMessaging;
		};
		3FF12DD52BC3ED8D001CDFD5 /* FirebaseCrashlytics */ = {
			isa = XCSwiftPackageProductDependency;
			package = 3F6846992BB17533008E410E /* XCRemoteSwiftPackageReference "firebase-ios-sdk" */;
			productName = FirebaseCrashlytics;
		};
		3FF12DD72BC3ED96001CDFD5 /* FirebaseMessaging */ = {
			isa = XCSwiftPackageProductDependency;
			package = 3F6846992BB17533008E410E /* XCRemoteSwiftPackageReference "firebase-ios-sdk" */;
			productName = FirebaseMessaging;
		};
		3FF491212B1864B300CB4B5D /* FLEX */ = {
			isa = XCSwiftPackageProductDependency;
			package = 3FF491202B1864B300CB4B5D /* XCRemoteSwiftPackageReference "FLEX" */;
			productName = FLEX;
		};
		E7061D0729DB6A6800405544 /* Kingfisher */ = {
			isa = XCSwiftPackageProductDependency;
			package = E7061D0629DB6A6800405544 /* XCRemoteSwiftPackageReference "Kingfisher" */;
			productName = Kingfisher;
		};
/* End XCSwiftPackageProductDependency section */
	};
	rootObject = E77EF8C82906A35600EE94E6 /* Project object */;
}
